// !$*UTF8*$!
{
	archiveVersion = 1;
	classes = {
	};
	objectVersion = 56;
	objects = {

/* Begin PBXBuildFile section */
		776374912A2F7746000274EA /* Progetto_test_fantacalcio.xcdatamodeld in Sources */ = {isa = PBXBuildFile; fileRef = 7763748F2A2F7746000274EA /* Progetto_test_fantacalcio.xcdatamodeld */; };
		776374932A2F798B000274EA /* CoreDataManager.swift in Sources */ = {isa = PBXBuildFile; fileRef = 776374922A2F798B000274EA /* CoreDataManager.swift */; };
		776374962A2F801F000274EA /* ListViewModelDelegate.swift in Sources */ = {isa = PBXBuildFile; fileRef = 776374952A2F801F000274EA /* ListViewModelDelegate.swift */; };
		7763749A2A2F8A4E000274EA /* FavouritesViewController.swift in Sources */ = {isa = PBXBuildFile; fileRef = 776374992A2F8A4E000274EA /* FavouritesViewController.swift */; };
		7763749C2A2F8A92000274EA /* FavouritesViewModel.swift in Sources */ = {isa = PBXBuildFile; fileRef = 7763749B2A2F8A92000274EA /* FavouritesViewModel.swift */; };
		7763749F2A2F8B1A000274EA /* FavouriteTableViewCell.swift in Sources */ = {isa = PBXBuildFile; fileRef = 7763749D2A2F8B1A000274EA /* FavouriteTableViewCell.swift */; };
		776374A02A2F8B1A000274EA /* FavouriteTableViewCell.xib in Resources */ = {isa = PBXBuildFile; fileRef = 7763749E2A2F8B1A000274EA /* FavouriteTableViewCell.xib */; };
		776DE91D2A2DFA0700D39920 /* GenericTableViewCell.swift in Sources */ = {isa = PBXBuildFile; fileRef = 776DE91C2A2DFA0700D39920 /* GenericTableViewCell.swift */; };
		776DE9212A2DFA4200D39920 /* ListTableViewCell.swift in Sources */ = {isa = PBXBuildFile; fileRef = 776DE91F2A2DFA4100D39920 /* ListTableViewCell.swift */; };
		776DE9222A2DFA4200D39920 /* ListTableViewCell.xib in Resources */ = {isa = PBXBuildFile; fileRef = 776DE9202A2DFA4200D39920 /* ListTableViewCell.xib */; };
		776DE9252A2DFF1D00D39920 /* ListViewController.swift in Sources */ = {isa = PBXBuildFile; fileRef = 776DE9242A2DFF1D00D39920 /* ListViewController.swift */; };
		776DE9272A2E02F100D39920 /* ListViewModel.swift in Sources */ = {isa = PBXBuildFile; fileRef = 776DE9262A2E02F100D39920 /* ListViewModel.swift */; };
		776DE9292A2E06BC00D39920 /* URLManager.swift in Sources */ = {isa = PBXBuildFile; fileRef = 776DE9282A2E06BC00D39920 /* URLManager.swift */; };
		776DE92B2A2E08E400D39920 /* Player.swift in Sources */ = {isa = PBXBuildFile; fileRef = 776DE92A2A2E08E400D39920 /* Player.swift */; };
		77865D422A2DE48400F0F8B4 /* AppDelegate.swift in Sources */ = {isa = PBXBuildFile; fileRef = 77865D412A2DE48400F0F8B4 /* AppDelegate.swift */; };
		77865D442A2DE48400F0F8B4 /* SceneDelegate.swift in Sources */ = {isa = PBXBuildFile; fileRef = 77865D432A2DE48400F0F8B4 /* SceneDelegate.swift */; };
		77865D492A2DE48400F0F8B4 /* Main.storyboard in Resources */ = {isa = PBXBuildFile; fileRef = 77865D472A2DE48400F0F8B4 /* Main.storyboard */; };
		77865D4B2A2DE48500F0F8B4 /* Assets.xcassets in Resources */ = {isa = PBXBuildFile; fileRef = 77865D4A2A2DE48500F0F8B4 /* Assets.xcassets */; };
		77865D4E2A2DE48500F0F8B4 /* LaunchScreen.storyboard in Resources */ = {isa = PBXBuildFile; fileRef = 77865D4C2A2DE48500F0F8B4 /* LaunchScreen.storyboard */; };
		7799E0C52A2F383700528E90 /* UIIMageView+Extensions.swift in Sources */ = {isa = PBXBuildFile; fileRef = 7799E0C42A2F383700528E90 /* UIIMageView+Extensions.swift */; };
		7799E0CF2A2F458600528E90 /* List.storyboard in Resources */ = {isa = PBXBuildFile; fileRef = 7799E0CD2A2F458600528E90 /* List.storyboard */; };
		77BF37582A2DF5D40050DF59 /* Favourites.storyboard in Resources */ = {isa = PBXBuildFile; fileRef = 77BF37572A2DF5D40050DF59 /* Favourites.storyboard */; };
		77C7C4A02A306492002616B1 /* FavouritesHeaderView.xib in Resources */ = {isa = PBXBuildFile; fileRef = 77C7C49F2A306492002616B1 /* FavouritesHeaderView.xib */; };
		77C7C4A22A3064C2002616B1 /* FavouritesHeaderView.swift in Sources */ = {isa = PBXBuildFile; fileRef = 77C7C4A12A3064C2002616B1 /* FavouritesHeaderView.swift */; };
/* End PBXBuildFile section */

/* Begin PBXFileReference section */
		776374902A2F7746000274EA /* Progetto_test_fantacalcio.xcdatamodel */ = {isa = PBXFileReference; lastKnownFileType = wrapper.xcdatamodel; path = Progetto_test_fantacalcio.xcdatamodel; sourceTree = "<group>"; };
		776374922A2F798B000274EA /* CoreDataManager.swift */ = {isa = PBXFileReference; lastKnownFileType = sourcecode.swift; path = CoreDataManager.swift; sourceTree = "<group>"; };
		776374952A2F801F000274EA /* ListViewModelDelegate.swift */ = {isa = PBXFileReference; lastKnownFileType = sourcecode.swift; path = ListViewModelDelegate.swift; sourceTree = "<group>"; };
		776374992A2F8A4E000274EA /* FavouritesViewController.swift */ = {isa = PBXFileReference; lastKnownFileType = sourcecode.swift; path = FavouritesViewController.swift; sourceTree = "<group>"; };
		7763749B2A2F8A92000274EA /* FavouritesViewModel.swift */ = {isa = PBXFileReference; lastKnownFileType = sourcecode.swift; path = FavouritesViewModel.swift; sourceTree = "<group>"; };
		7763749D2A2F8B1A000274EA /* FavouriteTableViewCell.swift */ = {isa = PBXFileReference; lastKnownFileType = sourcecode.swift; path = FavouriteTableViewCell.swift; sourceTree = "<group>"; };
		7763749E2A2F8B1A000274EA /* FavouriteTableViewCell.xib */ = {isa = PBXFileReference; lastKnownFileType = file.xib; path = FavouriteTableViewCell.xib; sourceTree = "<group>"; };
		776DE91C2A2DFA0700D39920 /* GenericTableViewCell.swift */ = {isa = PBXFileReference; lastKnownFileType = sourcecode.swift; path = GenericTableViewCell.swift; sourceTree = "<group>"; };
		776DE91F2A2DFA4100D39920 /* ListTableViewCell.swift */ = {isa = PBXFileReference; lastKnownFileType = sourcecode.swift; path = ListTableViewCell.swift; sourceTree = "<group>"; };
		776DE9202A2DFA4200D39920 /* ListTableViewCell.xib */ = {isa = PBXFileReference; lastKnownFileType = file.xib; path = ListTableViewCell.xib; sourceTree = "<group>"; };
		776DE9242A2DFF1D00D39920 /* ListViewController.swift */ = {isa = PBXFileReference; lastKnownFileType = sourcecode.swift; path = ListViewController.swift; sourceTree = "<group>"; };
		776DE9262A2E02F100D39920 /* ListViewModel.swift */ = {isa = PBXFileReference; lastKnownFileType = sourcecode.swift; path = ListViewModel.swift; sourceTree = "<group>"; };
		776DE9282A2E06BC00D39920 /* URLManager.swift */ = {isa = PBXFileReference; lastKnownFileType = sourcecode.swift; path = URLManager.swift; sourceTree = "<group>"; };
		776DE92A2A2E08E400D39920 /* Player.swift */ = {isa = PBXFileReference; lastKnownFileType = sourcecode.swift; path = Player.swift; sourceTree = "<group>"; };
		77865D3E2A2DE48400F0F8B4 /* Progetto_test_fantacalcio.app */ = {isa = PBXFileReference; explicitFileType = wrapper.application; includeInIndex = 0; path = Progetto_test_fantacalcio.app; sourceTree = BUILT_PRODUCTS_DIR; };
		77865D412A2DE48400F0F8B4 /* AppDelegate.swift */ = {isa = PBXFileReference; lastKnownFileType = sourcecode.swift; path = AppDelegate.swift; sourceTree = "<group>"; };
		77865D432A2DE48400F0F8B4 /* SceneDelegate.swift */ = {isa = PBXFileReference; lastKnownFileType = sourcecode.swift; path = SceneDelegate.swift; sourceTree = "<group>"; };
		77865D482A2DE48400F0F8B4 /* Base */ = {isa = PBXFileReference; lastKnownFileType = file.storyboard; name = Base; path = Base.lproj/Main.storyboard; sourceTree = "<group>"; };
		77865D4A2A2DE48500F0F8B4 /* Assets.xcassets */ = {isa = PBXFileReference; lastKnownFileType = folder.assetcatalog; path = Assets.xcassets; sourceTree = "<group>"; };
		77865D4D2A2DE48500F0F8B4 /* Base */ = {isa = PBXFileReference; lastKnownFileType = file.storyboard; name = Base; path = Base.lproj/LaunchScreen.storyboard; sourceTree = "<group>"; };
		77865D4F2A2DE48500F0F8B4 /* Info.plist */ = {isa = PBXFileReference; lastKnownFileType = text.plist.xml; path = Info.plist; sourceTree = "<group>"; };
		7799E0C42A2F383700528E90 /* UIIMageView+Extensions.swift */ = {isa = PBXFileReference; lastKnownFileType = sourcecode.swift; path = "UIIMageView+Extensions.swift"; sourceTree = "<group>"; };
		7799E0CE2A2F458600528E90 /* Base */ = {isa = PBXFileReference; lastKnownFileType = file.storyboard; name = Base; path = Progetto_test_fantacalcio/Base.lproj/List.storyboard; sourceTree = "<group>"; };
		77BF37572A2DF5D40050DF59 /* Favourites.storyboard */ = {isa = PBXFileReference; fileEncoding = 4; lastKnownFileType = file.storyboard; path = Favourites.storyboard; sourceTree = "<group>"; };
		77C7C49F2A306492002616B1 /* FavouritesHeaderView.xib */ = {isa = PBXFileReference; fileEncoding = 4; lastKnownFileType = file.xib; path = FavouritesHeaderView.xib; sourceTree = "<group>"; };
		77C7C4A12A3064C2002616B1 /* FavouritesHeaderView.swift */ = {isa = PBXFileReference; lastKnownFileType = sourcecode.swift; path = FavouritesHeaderView.swift; sourceTree = "<group>"; };
/* End PBXFileReference section */

/* Begin PBXFrameworksBuildPhase section */
		77865D3B2A2DE48400F0F8B4 /* Frameworks */ = {
			isa = PBXFrameworksBuildPhase;
			buildActionMask = 2147483647;
			files = (
			);
			runOnlyForDeploymentPostprocessing = 0;
		};
/* End PBXFrameworksBuildPhase section */

/* Begin PBXGroup section */
		776374A12A305655000274EA /* ViewModel */ = {
			isa = PBXGroup;
			children = (
				77D7E6A12A31EA3200D109DA /* List */,
				77D7E6A22A31EA4100D109DA /* Favourites */,
			);
			path = ViewModel;
			sourceTree = "<group>";
		};
		776374A22A305666000274EA /* FavouriteTableViewCell */ = {
			isa = PBXGroup;
			children = (
				7763749D2A2F8B1A000274EA /* FavouriteTableViewCell.swift */,
				7763749E2A2F8B1A000274EA /* FavouriteTableViewCell.xib */,
			);
			path = FavouriteTableViewCell;
			sourceTree = "<group>";
		};
		776DE91E2A2DFA1100D39920 /* Utils */ = {
			isa = PBXGroup;
			children = (
				7799E0C42A2F383700528E90 /* UIIMageView+Extensions.swift */,
			);
			path = Utils;
			sourceTree = "<group>";
		};
		776DE9232A2DFA4A00D39920 /* ListTableViewCell */ = {
			isa = PBXGroup;
			children = (
				776DE91F2A2DFA4100D39920 /* ListTableViewCell.swift */,
				776DE9202A2DFA4200D39920 /* ListTableViewCell.xib */,
			);
			path = ListTableViewCell;
			sourceTree = "<group>";
		};
		776DE92C2A2E2ECC00D39920 /* Model */ = {
			isa = PBXGroup;
			children = (
				776DE92A2A2E08E400D39920 /* Player.swift */,
			);
			path = Model;
			sourceTree = "<group>";
		};
		77865D352A2DE48400F0F8B4 = {
			isa = PBXGroup;
			children = (
				77865D402A2DE48400F0F8B4 /* Progetto_test_fantacalcio */,
				77865D3F2A2DE48400F0F8B4 /* Products */,
			);
			sourceTree = "<group>";
		};
		77865D3F2A2DE48400F0F8B4 /* Products */ = {
			isa = PBXGroup;
			children = (
				77865D3E2A2DE48400F0F8B4 /* Progetto_test_fantacalcio.app */,
			);
			name = Products;
			sourceTree = "<group>";
		};
		77865D402A2DE48400F0F8B4 /* Progetto_test_fantacalcio */ = {
			isa = PBXGroup;
			children = (
				77865D412A2DE48400F0F8B4 /* AppDelegate.swift */,
				77865D432A2DE48400F0F8B4 /* SceneDelegate.swift */,
				77865D472A2DE48400F0F8B4 /* Main.storyboard */,
				776DE92C2A2E2ECC00D39920 /* Model */,
				77D7E69F2A31E9D400D109DA /* View */,
				776374A12A305655000274EA /* ViewModel */,
				77D7E6A02A31E9FA00D109DA /* Controller */,
				77D7E6A52A31EA9B00D109DA /* Networking */,
				77D7E6A62A31EAA700D109DA /* Persistence */,
				776DE91E2A2DFA1100D39920 /* Utils */,
				77865D4C2A2DE48500F0F8B4 /* LaunchScreen.storyboard */,
				77865D4A2A2DE48500F0F8B4 /* Assets.xcassets */,
				77865D4F2A2DE48500F0F8B4 /* Info.plist */,
			);
			path = Progetto_test_fantacalcio;
			sourceTree = "<group>";
		};
		778F789D2A306480006780F6 /* FavouritesHeaderView */ = {
			isa = PBXGroup;
			children = (
				77C7C4A12A3064C2002616B1 /* FavouritesHeaderView.swift */,
				77C7C49F2A306492002616B1 /* FavouritesHeaderView.xib */,
			);
			path = FavouritesHeaderView;
			sourceTree = "<group>";
		};
		77D7E69F2A31E9D400D109DA /* View */ = {
			isa = PBXGroup;
			children = (
				776DE91C2A2DFA0700D39920 /* GenericTableViewCell.swift */,
				776374A22A305666000274EA /* FavouriteTableViewCell */,
				778F789D2A306480006780F6 /* FavouritesHeaderView */,
				776DE9232A2DFA4A00D39920 /* ListTableViewCell */,
			);
			path = View;
			sourceTree = "<group>";
		};
		77D7E6A02A31E9FA00D109DA /* Controller */ = {
			isa = PBXGroup;
			children = (
				77D7E6A42A31EA6A00D109DA /* List */,
				77D7E6A32A31EA5A00D109DA /* Favourites */,
			);
			path = Controller;
			sourceTree = "<group>";
		};
		77D7E6A12A31EA3200D109DA /* List */ = {
			isa = PBXGroup;
			children = (
				776DE9262A2E02F100D39920 /* ListViewModel.swift */,
				776374952A2F801F000274EA /* ListViewModelDelegate.swift */,
			);
			path = List;
			sourceTree = "<group>";
		};
		77D7E6A22A31EA4100D109DA /* Favourites */ = {
			isa = PBXGroup;
			children = (
				7763749B2A2F8A92000274EA /* FavouritesViewModel.swift */,
			);
			path = Favourites;
			sourceTree = "<group>";
		};
		77D7E6A32A31EA5A00D109DA /* Favourites */ = {
			isa = PBXGroup;
			children = (
				776374992A2F8A4E000274EA /* FavouritesViewController.swift */,
				77BF37572A2DF5D40050DF59 /* Favourites.storyboard */,
			);
			path = Favourites;
			sourceTree = "<group>";
		};
		77D7E6A42A31EA6A00D109DA /* List */ = {
			isa = PBXGroup;
			children = (
				776DE9242A2DFF1D00D39920 /* ListViewController.swift */,
				7799E0CD2A2F458600528E90 /* List.storyboard */,
			);
			path = List;
			sourceTree = "<group>";
		};
		77D7E6A52A31EA9B00D109DA /* Networking */ = {
			isa = PBXGroup;
			children = (
				776DE9282A2E06BC00D39920 /* URLManager.swift */,
			);
			path = Networking;
			sourceTree = "<group>";
		};
		77D7E6A62A31EAA700D109DA /* Persistence */ = {
			isa = PBXGroup;
			children = (
				776374922A2F798B000274EA /* CoreDataManager.swift */,
				7763748F2A2F7746000274EA /* Progetto_test_fantacalcio.xcdatamodeld */,
			);
			path = Persistence;
			sourceTree = "<group>";
		};
/* End PBXGroup section */

/* Begin PBXNativeTarget section */
		77865D3D2A2DE48400F0F8B4 /* Progetto_test_fantacalcio */ = {
			isa = PBXNativeTarget;
			buildConfigurationList = 77865D522A2DE48500F0F8B4 /* Build configuration list for PBXNativeTarget "Progetto_test_fantacalcio" */;
			buildPhases = (
				77865D3A2A2DE48400F0F8B4 /* Sources */,
				77865D3B2A2DE48400F0F8B4 /* Frameworks */,
				77865D3C2A2DE48400F0F8B4 /* Resources */,
			);
			buildRules = (
			);
			dependencies = (
			);
			name = Progetto_test_fantacalcio;
			productName = Progetto_test_fantacalcio;
			productReference = 77865D3E2A2DE48400F0F8B4 /* Progetto_test_fantacalcio.app */;
			productType = "com.apple.product-type.application";
		};
/* End PBXNativeTarget section */

/* Begin PBXProject section */
		77865D362A2DE48400F0F8B4 /* Project object */ = {
			isa = PBXProject;
			attributes = {
				BuildIndependentTargetsInParallel = 1;
				LastSwiftUpdateCheck = 1420;
				LastUpgradeCheck = 1420;
				TargetAttributes = {
					77865D3D2A2DE48400F0F8B4 = {
						CreatedOnToolsVersion = 14.2;
					};
				};
			};
			buildConfigurationList = 77865D392A2DE48400F0F8B4 /* Build configuration list for PBXProject "Progetto_test_fantacalcio" */;
			compatibilityVersion = "Xcode 14.0";
			developmentRegion = en;
			hasScannedForEncodings = 0;
			knownRegions = (
				en,
				Base,
			);
			mainGroup = 77865D352A2DE48400F0F8B4;
			productRefGroup = 77865D3F2A2DE48400F0F8B4 /* Products */;
			projectDirPath = "";
			projectRoot = "";
			targets = (
				77865D3D2A2DE48400F0F8B4 /* Progetto_test_fantacalcio */,
			);
		};
/* End PBXProject section */

/* Begin PBXResourcesBuildPhase section */
		77865D3C2A2DE48400F0F8B4 /* Resources */ = {
			isa = PBXResourcesBuildPhase;
			buildActionMask = 2147483647;
			files = (
				7799E0CF2A2F458600528E90 /* List.storyboard in Resources */,
				77865D4E2A2DE48500F0F8B4 /* LaunchScreen.storyboard in Resources */,
				776374A02A2F8B1A000274EA /* FavouriteTableViewCell.xib in Resources */,
				776DE9222A2DFA4200D39920 /* ListTableViewCell.xib in Resources */,
				77865D4B2A2DE48500F0F8B4 /* Assets.xcassets in Resources */,
				77C7C4A02A306492002616B1 /* FavouritesHeaderView.xib in Resources */,
				77BF37582A2DF5D40050DF59 /* Favourites.storyboard in Resources */,
				77865D492A2DE48400F0F8B4 /* Main.storyboard in Resources */,
			);
			runOnlyForDeploymentPostprocessing = 0;
		};
/* End PBXResourcesBuildPhase section */

/* Begin PBXSourcesBuildPhase section */
		77865D3A2A2DE48400F0F8B4 /* Sources */ = {
			isa = PBXSourcesBuildPhase;
			buildActionMask = 2147483647;
			files = (
				776DE91D2A2DFA0700D39920 /* GenericTableViewCell.swift in Sources */,
				77C7C4A22A3064C2002616B1 /* FavouritesHeaderView.swift in Sources */,
				776374962A2F801F000274EA /* ListViewModelDelegate.swift in Sources */,
				7799E0C52A2F383700528E90 /* UIIMageView+Extensions.swift in Sources */,
				776DE9272A2E02F100D39920 /* ListViewModel.swift in Sources */,
				7763749C2A2F8A92000274EA /* FavouritesViewModel.swift in Sources */,
				77865D422A2DE48400F0F8B4 /* AppDelegate.swift in Sources */,
				776DE9252A2DFF1D00D39920 /* ListViewController.swift in Sources */,
				776374932A2F798B000274EA /* CoreDataManager.swift in Sources */,
				776374912A2F7746000274EA /* Progetto_test_fantacalcio.xcdatamodeld in Sources */,
				776DE92B2A2E08E400D39920 /* Player.swift in Sources */,
				77865D442A2DE48400F0F8B4 /* SceneDelegate.swift in Sources */,
				776DE9212A2DFA4200D39920 /* ListTableViewCell.swift in Sources */,
				776DE9292A2E06BC00D39920 /* URLManager.swift in Sources */,
				7763749A2A2F8A4E000274EA /* FavouritesViewController.swift in Sources */,
				7763749F2A2F8B1A000274EA /* FavouriteTableViewCell.swift in Sources */,
			);
			runOnlyForDeploymentPostprocessing = 0;
		};
/* End PBXSourcesBuildPhase section */

/* Begin PBXVariantGroup section */
		77865D472A2DE48400F0F8B4 /* Main.storyboard */ = {
			isa = PBXVariantGroup;
			children = (
				77865D482A2DE48400F0F8B4 /* Base */,
			);
			name = Main.storyboard;
			sourceTree = "<group>";
		};
		77865D4C2A2DE48500F0F8B4 /* LaunchScreen.storyboard */ = {
			isa = PBXVariantGroup;
			children = (
				77865D4D2A2DE48500F0F8B4 /* Base */,
			);
			name = LaunchScreen.storyboard;
			sourceTree = "<group>";
		};
		7799E0CD2A2F458600528E90 /* List.storyboard */ = {
			isa = PBXVariantGroup;
			children = (
				7799E0CE2A2F458600528E90 /* Base */,
			);
			name = List.storyboard;
			sourceTree = "<group>";
		};
/* End PBXVariantGroup section */

/* Begin XCBuildConfiguration section */
		77865D502A2DE48500F0F8B4 /* Debug */ = {
			isa = XCBuildConfiguration;
			buildSettings = {
				ALWAYS_SEARCH_USER_PATHS = NO;
				CLANG_ANALYZER_NONNULL = YES;
				CLANG_ANALYZER_NUMBER_OBJECT_CONVERSION = YES_AGGRESSIVE;
				CLANG_CXX_LANGUAGE_STANDARD = "gnu++20";
				CLANG_ENABLE_MODULES = YES;
				CLANG_ENABLE_OBJC_ARC = YES;
				CLANG_ENABLE_OBJC_WEAK = YES;
				CLANG_WARN_BLOCK_CAPTURE_AUTORELEASING = YES;
				CLANG_WARN_BOOL_CONVERSION = YES;
				CLANG_WARN_COMMA = YES;
				CLANG_WARN_CONSTANT_CONVERSION = YES;
				CLANG_WARN_DEPRECATED_OBJC_IMPLEMENTATIONS = YES;
				CLANG_WARN_DIRECT_OBJC_ISA_USAGE = YES_ERROR;
				CLANG_WARN_DOCUMENTATION_COMMENTS = YES;
				CLANG_WARN_EMPTY_BODY = YES;
				CLANG_WARN_ENUM_CONVERSION = YES;
				CLANG_WARN_INFINITE_RECURSION = YES;
				CLANG_WARN_INT_CONVERSION = YES;
				CLANG_WARN_NON_LITERAL_NULL_CONVERSION = YES;
				CLANG_WARN_OBJC_IMPLICIT_RETAIN_SELF = YES;
				CLANG_WARN_OBJC_LITERAL_CONVERSION = YES;
				CLANG_WARN_OBJC_ROOT_CLASS = YES_ERROR;
				CLANG_WARN_QUOTED_INCLUDE_IN_FRAMEWORK_HEADER = YES;
				CLANG_WARN_RANGE_LOOP_ANALYSIS = YES;
				CLANG_WARN_STRICT_PROTOTYPES = YES;
				CLANG_WARN_SUSPICIOUS_MOVE = YES;
				CLANG_WARN_UNGUARDED_AVAILABILITY = YES_AGGRESSIVE;
				CLANG_WARN_UNREACHABLE_CODE = YES;
				CLANG_WARN__DUPLICATE_METHOD_MATCH = YES;
				COPY_PHASE_STRIP = NO;
				DEBUG_INFORMATION_FORMAT = dwarf;
				ENABLE_STRICT_OBJC_MSGSEND = YES;
				ENABLE_TESTABILITY = YES;
				GCC_C_LANGUAGE_STANDARD = gnu11;
				GCC_DYNAMIC_NO_PIC = NO;
				GCC_NO_COMMON_BLOCKS = YES;
				GCC_OPTIMIZATION_LEVEL = 0;
				GCC_PREPROCESSOR_DEFINITIONS = (
					"DEBUG=1",
					"$(inherited)",
				);
				GCC_WARN_64_TO_32_BIT_CONVERSION = YES;
				GCC_WARN_ABOUT_RETURN_TYPE = YES_ERROR;
				GCC_WARN_UNDECLARED_SELECTOR = YES;
				GCC_WARN_UNINITIALIZED_AUTOS = YES_AGGRESSIVE;
				GCC_WARN_UNUSED_FUNCTION = YES;
				GCC_WARN_UNUSED_VARIABLE = YES;
				IPHONEOS_DEPLOYMENT_TARGET = 16.2;
				MTL_ENABLE_DEBUG_INFO = INCLUDE_SOURCE;
				MTL_FAST_MATH = YES;
				ONLY_ACTIVE_ARCH = YES;
				SDKROOT = iphoneos;
				SWIFT_ACTIVE_COMPILATION_CONDITIONS = DEBUG;
				SWIFT_OPTIMIZATION_LEVEL = "-Onone";
			};
			name = Debug;
		};
		77865D512A2DE48500F0F8B4 /* Release */ = {
			isa = XCBuildConfiguration;
			buildSettings = {
				ALWAYS_SEARCH_USER_PATHS = NO;
				CLANG_ANALYZER_NONNULL = YES;
				CLANG_ANALYZER_NUMBER_OBJECT_CONVERSION = YES_AGGRESSIVE;
				CLANG_CXX_LANGUAGE_STANDARD = "gnu++20";
				CLANG_ENABLE_MODULES = YES;
				CLANG_ENABLE_OBJC_ARC = YES;
				CLANG_ENABLE_OBJC_WEAK = YES;
				CLANG_WARN_BLOCK_CAPTURE_AUTORELEASING = YES;
				CLANG_WARN_BOOL_CONVERSION = YES;
				CLANG_WARN_COMMA = YES;
				CLANG_WARN_CONSTANT_CONVERSION = YES;
				CLANG_WARN_DEPRECATED_OBJC_IMPLEMENTATIONS = YES;
				CLANG_WARN_DIRECT_OBJC_ISA_USAGE = YES_ERROR;
				CLANG_WARN_DOCUMENTATION_COMMENTS = YES;
				CLANG_WARN_EMPTY_BODY = YES;
				CLANG_WARN_ENUM_CONVERSION = YES;
				CLANG_WARN_INFINITE_RECURSION = YES;
				CLANG_WARN_INT_CONVERSION = YES;
				CLANG_WARN_NON_LITERAL_NULL_CONVERSION = YES;
				CLANG_WARN_OBJC_IMPLICIT_RETAIN_SELF = YES;
				CLANG_WARN_OBJC_LITERAL_CONVERSION = YES;
				CLANG_WARN_OBJC_ROOT_CLASS = YES_ERROR;
				CLANG_WARN_QUOTED_INCLUDE_IN_FRAMEWORK_HEADER = YES;
				CLANG_WARN_RANGE_LOOP_ANALYSIS = YES;
				CLANG_WARN_STRICT_PROTOTYPES = YES;
				CLANG_WARN_SUSPICIOUS_MOVE = YES;
				CLANG_WARN_UNGUARDED_AVAILABILITY = YES_AGGRESSIVE;
				CLANG_WARN_UNREACHABLE_CODE = YES;
				CLANG_WARN__DUPLICATE_METHOD_MATCH = YES;
				COPY_PHASE_STRIP = NO;
				DEBUG_INFORMATION_FORMAT = "dwarf-with-dsym";
				ENABLE_NS_ASSERTIONS = NO;
				ENABLE_STRICT_OBJC_MSGSEND = YES;
				GCC_C_LANGUAGE_STANDARD = gnu11;
				GCC_NO_COMMON_BLOCKS = YES;
				GCC_WARN_64_TO_32_BIT_CONVERSION = YES;
				GCC_WARN_ABOUT_RETURN_TYPE = YES_ERROR;
				GCC_WARN_UNDECLARED_SELECTOR = YES;
				GCC_WARN_UNINITIALIZED_AUTOS = YES_AGGRESSIVE;
				GCC_WARN_UNUSED_FUNCTION = YES;
				GCC_WARN_UNUSED_VARIABLE = YES;
				IPHONEOS_DEPLOYMENT_TARGET = 16.2;
				MTL_ENABLE_DEBUG_INFO = NO;
				MTL_FAST_MATH = YES;
				SDKROOT = iphoneos;
				SWIFT_COMPILATION_MODE = wholemodule;
				SWIFT_OPTIMIZATION_LEVEL = "-O";
				VALIDATE_PRODUCT = YES;
			};
			name = Release;
		};
		77865D532A2DE48500F0F8B4 /* Debug */ = {
			isa = XCBuildConfiguration;
			buildSettings = {
				ASSETCATALOG_COMPILER_APPICON_NAME = AppIcon;
				ASSETCATALOG_COMPILER_GLOBAL_ACCENT_COLOR_NAME = AccentColor;
				CODE_SIGN_STYLE = Automatic;
				CURRENT_PROJECT_VERSION = 1;
				DEVELOPMENT_TEAM = 42MH99U6QU;
				GENERATE_INFOPLIST_FILE = YES;
				INFOPLIST_FILE = Progetto_test_fantacalcio/Info.plist;
				INFOPLIST_KEY_UIApplicationSupportsIndirectInputEvents = YES;
				INFOPLIST_KEY_UILaunchStoryboardName = LaunchScreen;
				INFOPLIST_KEY_UIMainStoryboardFile = Main;
				INFOPLIST_KEY_UISupportedInterfaceOrientations_iPad = "UIInterfaceOrientationPortrait UIInterfaceOrientationPortraitUpsideDown UIInterfaceOrientationLandscapeLeft UIInterfaceOrientationLandscapeRight";
				INFOPLIST_KEY_UISupportedInterfaceOrientations_iPhone = "UIInterfaceOrientationPortrait UIInterfaceOrientationLandscapeLeft UIInterfaceOrientationLandscapeRight";
				IPHONEOS_DEPLOYMENT_TARGET = 13.0;
				LD_RUNPATH_SEARCH_PATHS = (
					"$(inherited)",
					"@executable_path/Frameworks",
				);
				MARKETING_VERSION = 1.0;
				PRODUCT_BUNDLE_IDENTIFIER = "com.nicolalauritano.Progetto-test-fantacalcio";
				PRODUCT_NAME = "$(TARGET_NAME)";
				SWIFT_EMIT_LOC_STRINGS = YES;
				SWIFT_VERSION = 5.0;
				TARGETED_DEVICE_FAMILY = "1,2";
			};
			name = Debug;
		};
		77865D542A2DE48500F0F8B4 /* Release */ = {
			isa = XCBuildConfiguration;
			buildSettings = {
				ASSETCATALOG_COMPILER_APPICON_NAME = AppIcon;
				ASSETCATALOG_COMPILER_GLOBAL_ACCENT_COLOR_NAME = AccentColor;
				CODE_SIGN_STYLE = Automatic;
				CURRENT_PROJECT_VERSION = 1;
				DEVELOPMENT_TEAM = 42MH99U6QU;
				GENERATE_INFOPLIST_FILE = YES;
				INFOPLIST_FILE = Progetto_test_fantacalcio/Info.plist;
				INFOPLIST_KEY_UIApplicationSupportsIndirectInputEvents = YES;
				INFOPLIST_KEY_UILaunchStoryboardName = LaunchScreen;
				INFOPLIST_KEY_UIMainStoryboardFile = Main;
				INFOPLIST_KEY_UISupportedInterfaceOrientations_iPad = "UIInterfaceOrientationPortrait UIInterfaceOrientationPortraitUpsideDown UIInterfaceOrientationLandscapeLeft UIInterfaceOrientationLandscapeRight";
				INFOPLIST_KEY_UISupportedInterfaceOrientations_iPhone = "UIInterfaceOrientationPortrait UIInterfaceOrientationLandscapeLeft UIInterfaceOrientationLandscapeRight";
				IPHONEOS_DEPLOYMENT_TARGET = 13.0;
				LD_RUNPATH_SEARCH_PATHS = (
					"$(inherited)",
					"@executable_path/Frameworks",
				);
				MARKETING_VERSION = 1.0;
				PRODUCT_BUNDLE_IDENTIFIER = "com.nicolalauritano.Progetto-test-fantacalcio";
				PRODUCT_NAME = "$(TARGET_NAME)";
				SWIFT_EMIT_LOC_STRINGS = YES;
				SWIFT_VERSION = 5.0;
				TARGETED_DEVICE_FAMILY = "1,2";
			};
			name = Release;
		};
/* End XCBuildConfiguration section */

/* Begin XCConfigurationList section */
		77865D392A2DE48400F0F8B4 /* Build configuration list for PBXProject "Progetto_test_fantacalcio" */ = {
			isa = XCConfigurationList;
			buildConfigurations = (
				77865D502A2DE48500F0F8B4 /* Debug */,
				77865D512A2DE48500F0F8B4 /* Release */,
			);
			defaultConfigurationIsVisible = 0;
			defaultConfigurationName = Release;
		};
		77865D522A2DE48500F0F8B4 /* Build configuration list for PBXNativeTarget "Progetto_test_fantacalcio" */ = {
			isa = XCConfigurationList;
			buildConfigurations = (
				77865D532A2DE48500F0F8B4 /* Debug */,
				77865D542A2DE48500F0F8B4 /* Release */,
			);
			defaultConfigurationIsVisible = 0;
			defaultConfigurationName = Release;
		};
/* End XCConfigurationList section */

/* Begin XCVersionGroup section */
		7763748F2A2F7746000274EA /* Progetto_test_fantacalcio.xcdatamodeld */ = {
			isa = XCVersionGroup;
			children = (
				776374902A2F7746000274EA /* Progetto_test_fantacalcio.xcdatamodel */,
			);
			currentVersion = 776374902A2F7746000274EA /* Progetto_test_fantacalcio.xcdatamodel */;
			path = Progetto_test_fantacalcio.xcdatamodeld;
			sourceTree = "<group>";
			versionGroupType = wrapper.xcdatamodel;
		};
/* End XCVersionGroup section */
	};
	rootObject = 77865D362A2DE48400F0F8B4 /* Project object */;
}
